// !$*UTF8*$!
{
	archiveVersion = 1;
	classes = {
	};
	objectVersion = 46;
	objects = {

/* Begin PBXBuildFile section */
		9E23D8A501068B5D3173A06B /* Pods_Flicks.framework in Frameworks */ = {isa = PBXBuildFile; fileRef = C0B8BD74AB3BEDADAE38F75D /* Pods_Flicks.framework */; };
		AF805B6F1E27E5F8002CC352 /* AppDelegate.swift in Sources */ = {isa = PBXBuildFile; fileRef = AF805B6E1E27E5F8002CC352 /* AppDelegate.swift */; };
		AF805B741E27E5F8002CC352 /* Main.storyboard in Resources */ = {isa = PBXBuildFile; fileRef = AF805B721E27E5F8002CC352 /* Main.storyboard */; };
		AF805B761E27E5F8002CC352 /* Assets.xcassets in Resources */ = {isa = PBXBuildFile; fileRef = AF805B751E27E5F8002CC352 /* Assets.xcassets */; };
		AF805B791E27E5F8002CC352 /* LaunchScreen.storyboard in Resources */ = {isa = PBXBuildFile; fileRef = AF805B771E27E5F8002CC352 /* LaunchScreen.storyboard */; };
		AF805B811E27E6B5002CC352 /* MoviesViewController.swift in Sources */ = {isa = PBXBuildFile; fileRef = AF805B801E27E6B5002CC352 /* MoviesViewController.swift */; };
		AF805B851E27F97B002CC352 /* MovieCell.swift in Sources */ = {isa = PBXBuildFile; fileRef = AF805B841E27F97B002CC352 /* MovieCell.swift */; };
/* End PBXBuildFile section */

/* Begin PBXFileReference section */
		4FFE2ADB722B94501BD8F093 /* Pods-Flicks.release.xcconfig */ = {isa = PBXFileReference; includeInIndex = 1; lastKnownFileType = text.xcconfig; name = "Pods-Flicks.release.xcconfig"; path = "Pods/Target Support Files/Pods-Flicks/Pods-Flicks.release.xcconfig"; sourceTree = "<group>"; };
		A161E209A0A28C25F266CE29 /* Pods-Flicks.debug.xcconfig */ = {isa = PBXFileReference; includeInIndex = 1; lastKnownFileType = text.xcconfig; name = "Pods-Flicks.debug.xcconfig"; path = "Pods/Target Support Files/Pods-Flicks/Pods-Flicks.debug.xcconfig"; sourceTree = "<group>"; };
		AF805B6B1E27E5F8002CC352 /* Flicks.app */ = {isa = PBXFileReference; explicitFileType = wrapper.application; includeInIndex = 0; path = Flicks.app; sourceTree = BUILT_PRODUCTS_DIR; };
		AF805B6E1E27E5F8002CC352 /* AppDelegate.swift */ = {isa = PBXFileReference; lastKnownFileType = sourcecode.swift; path = AppDelegate.swift; sourceTree = "<group>"; };
		AF805B731E27E5F8002CC352 /* Base */ = {isa = PBXFileReference; lastKnownFileType = file.storyboard; name = Base; path = Base.lproj/Main.storyboard; sourceTree = "<group>"; };
		AF805B751E27E5F8002CC352 /* Assets.xcassets */ = {isa = PBXFileReference; lastKnownFileType = folder.assetcatalog; path = Assets.xcassets; sourceTree = "<group>"; };
		AF805B781E27E5F8002CC352 /* Base */ = {isa = PBXFileReference; lastKnownFileType = file.storyboard; name = Base; path = Base.lproj/LaunchScreen.storyboard; sourceTree = "<group>"; };
		AF805B7A1E27E5F8002CC352 /* Info.plist */ = {isa = PBXFileReference; lastKnownFileType = text.plist.xml; path = Info.plist; sourceTree = "<group>"; };
		AF805B801E27E6B5002CC352 /* MoviesViewController.swift */ = {isa = PBXFileReference; fileEncoding = 4; lastKnownFileType = sourcecode.swift; name = MoviesViewController.swift; path = ../MoviesViewController.swift; sourceTree = "<group>"; };
		AF805B841E27F97B002CC352 /* MovieCell.swift */ = {isa = PBXFileReference; fileEncoding = 4; lastKnownFileType = sourcecode.swift; path = MovieCell.swift; sourceTree = "<group>"; };
		C0B8BD74AB3BEDADAE38F75D /* Pods_Flicks.framework */ = {isa = PBXFileReference; explicitFileType = wrapper.framework; includeInIndex = 0; path = Pods_Flicks.framework; sourceTree = BUILT_PRODUCTS_DIR; };
/* End PBXFileReference section */

/* Begin PBXFrameworksBuildPhase section */
		AF805B681E27E5F7002CC352 /* Frameworks */ = {
			isa = PBXFrameworksBuildPhase;
			buildActionMask = 2147483647;
			files = (
				9E23D8A501068B5D3173A06B /* Pods_Flicks.framework in Frameworks */,
			);
			runOnlyForDeploymentPostprocessing = 0;
		};
/* End PBXFrameworksBuildPhase section */

/* Begin PBXGroup section */
		90A2FCC0A297904D7F03EE21 /* Frameworks */ = {
			isa = PBXGroup;
			children = (
				C0B8BD74AB3BEDADAE38F75D /* Pods_Flicks.framework */,
			);
			name = Frameworks;
			sourceTree = "<group>";
		};
		AF805B621E27E5F7002CC352 = {
			isa = PBXGroup;
			children = (
				AF805B6D1E27E5F8002CC352 /* Flicks */,
				AF805B6C1E27E5F8002CC352 /* Products */,
				DE45CCFED59EAA46C9F485D4 /* Pods */,
				90A2FCC0A297904D7F03EE21 /* Frameworks */,
			);
			sourceTree = "<group>";
		};
		AF805B6C1E27E5F8002CC352 /* Products */ = {
			isa = PBXGroup;
			children = (
				AF805B6B1E27E5F8002CC352 /* Flicks.app */,
			);
			name = Products;
			sourceTree = "<group>";
		};
		AF805B6D1E27E5F8002CC352 /* Flicks */ = {
			isa = PBXGroup;
			children = (
				AF805B861E27FA4C002CC352 /* View Controllers */,
				AF805B831E27F88E002CC352 /* Views */,
				AF805B6E1E27E5F8002CC352 /* AppDelegate.swift */,
				AF805B721E27E5F8002CC352 /* Main.storyboard */,
				AF805B751E27E5F8002CC352 /* Assets.xcassets */,
				AF805B771E27E5F8002CC352 /* LaunchScreen.storyboard */,
				AF805B7A1E27E5F8002CC352 /* Info.plist */,
			);
			path = Flicks;
			sourceTree = "<group>";
		};
		AF805B831E27F88E002CC352 /* Views */ = {
			isa = PBXGroup;
			children = (
				AF805B841E27F97B002CC352 /* MovieCell.swift */,
			);
			name = Views;
			sourceTree = "<group>";
		};
		AF805B861E27FA4C002CC352 /* View Controllers */ = {
			isa = PBXGroup;
			children = (
				AF805B801E27E6B5002CC352 /* MoviesViewController.swift */,
			);
			name = "View Controllers";
			sourceTree = "<group>";
		};
		DE45CCFED59EAA46C9F485D4 /* Pods */ = {
			isa = PBXGroup;
			children = (
				A161E209A0A28C25F266CE29 /* Pods-Flicks.debug.xcconfig */,
				4FFE2ADB722B94501BD8F093 /* Pods-Flicks.release.xcconfig */,
			);
			name = Pods;
			sourceTree = "<group>";
		};
/* End PBXGroup section */

/* Begin PBXNativeTarget section */
		AF805B6A1E27E5F7002CC352 /* Flicks */ = {
			isa = PBXNativeTarget;
			buildConfigurationList = AF805B7D1E27E5F8002CC352 /* Build configuration list for PBXNativeTarget "Flicks" */;
			buildPhases = (
				E4DBCC9EB5E786FFB0DC5B55 /* [CP] Check Pods Manifest.lock */,
				AF805B671E27E5F7002CC352 /* Sources */,
				AF805B681E27E5F7002CC352 /* Frameworks */,
				AF805B691E27E5F7002CC352 /* Resources */,
				D625139CCC1C81D0A68DD9CE /* [CP] Embed Pods Frameworks */,
				0C2EE6AD74D96258EF2C32CB /* [CP] Copy Pods Resources */,
			);
			buildRules = (
			);
			dependencies = (
			);
			name = Flicks;
			productName = Flicks;
			productReference = AF805B6B1E27E5F8002CC352 /* Flicks.app */;
			productType = "com.apple.product-type.application";
		};
/* End PBXNativeTarget section */

/* Begin PBXProject section */
		AF805B631E27E5F7002CC352 /* Project object */ = {
			isa = PBXProject;
			attributes = {
				LastSwiftUpdateCheck = 0800;
				LastUpgradeCheck = 0800;
				ORGANIZATIONNAME = "Jeffrey Shao";
				TargetAttributes = {
					AF805B6A1E27E5F7002CC352 = {
						CreatedOnToolsVersion = 8.0;
						ProvisioningStyle = Automatic;
					};
				};
			};
			buildConfigurationList = AF805B661E27E5F7002CC352 /* Build configuration list for PBXProject "Flicks" */;
			compatibilityVersion = "Xcode 3.2";
			developmentRegion = English;
			hasScannedForEncodings = 0;
			knownRegions = (
				en,
				Base,
			);
			mainGroup = AF805B621E27E5F7002CC352;
			productRefGroup = AF805B6C1E27E5F8002CC352 /* Products */;
			projectDirPath = "";
			projectRoot = "";
			targets = (
				AF805B6A1E27E5F7002CC352 /* Flicks */,
			);
		};
/* End PBXProject section */

/* Begin PBXResourcesBuildPhase section */
		AF805B691E27E5F7002CC352 /* Resources */ = {
			isa = PBXResourcesBuildPhase;
			buildActionMask = 2147483647;
			files = (
				AF805B791E27E5F8002CC352 /* LaunchScreen.storyboard in Resources */,
				AF805B761E27E5F8002CC352 /* Assets.xcassets in Resources */,
				AF805B741E27E5F8002CC352 /* Main.storyboard in Resources */,
			);
			runOnlyForDeploymentPostprocessing = 0;
		};
/* End PBXResourcesBuildPhase section */

/* Begin PBXShellScriptBuildPhase section */
		0C2EE6AD74D96258EF2C32CB /* [CP] Copy Pods Resources */ = {
			isa = PBXShellScriptBuildPhase;
			buildActionMask = 2147483647;
			files = (
			);
			inputPaths = (
			);
			name = "[CP] Copy Pods Resources";
			outputPaths = (
			);
			runOnlyForDeploymentPostprocessing = 0;
			shellPath = /bin/sh;
			shellScript = "\"${SRCROOT}/Pods/Target Support Files/Pods-Flicks/Pods-Flicks-resources.sh\"\n";
			showEnvVarsInLog = 0;
		};
		D625139CCC1C81D0A68DD9CE /* [CP] Embed Pods Frameworks */ = {
			isa = PBXShellScriptBuildPhase;
			buildActionMask = 2147483647;
			files = (
			);
			inputPaths = (
			);
			name = "[CP] Embed Pods Frameworks";
			outputPaths = (
			);
			runOnlyForDeploymentPostprocessing = 0;
			shellPath = /bin/sh;
			shellScript = "\"${SRCROOT}/Pods/Target Support Files/Pods-Flicks/Pods-Flicks-frameworks.sh\"\n";
			showEnvVarsInLog = 0;
		};
		E4DBCC9EB5E786FFB0DC5B55 /* [CP] Check Pods Manifest.lock */ = {
			isa = PBXShellScriptBuildPhase;
			buildActionMask = 2147483647;
			files = (
			);
			inputPaths = (
			);
			name = "[CP] Check Pods Manifest.lock";
			outputPaths = (
			);
			runOnlyForDeploymentPostprocessing = 0;
			shellPath = /bin/sh;
			shellScript = "diff \"${PODS_ROOT}/../Podfile.lock\" \"${PODS_ROOT}/Manifest.lock\" > /dev/null\nif [ $? != 0 ] ; then\n    # print error to STDERR\n    echo \"error: The sandbox is not in sync with the Podfile.lock. Run 'pod install' or update your CocoaPods installation.\" >&2\n    exit 1\nfi\n";
			showEnvVarsInLog = 0;
		};
/* End PBXShellScriptBuildPhase section */

/* Begin PBXSourcesBuildPhase section */
		AF805B671E27E5F7002CC352 /* Sources */ = {
			isa = PBXSourcesBuildPhase;
			buildActionMask = 2147483647;
			files = (
				AF805B6F1E27E5F8002CC352 /* AppDelegate.swift in Sources */,
				AF805B811E27E6B5002CC352 /* MoviesViewController.swift in Sources */,
				AF805B851E27F97B002CC352 /* MovieCell.swift in Sources */,
			);
			runOnlyForDeploymentPostprocessing = 0;
		};
/* End PBXSourcesBuildPhase section */

/* Begin PBXVariantGroup section */
		AF805B721E27E5F8002CC352 /* Main.storyboard */ = {
			isa = PBXVariantGroup;
			children = (
				AF805B731E27E5F8002CC352 /* Base */,
			);
			name = Main.storyboard;
			sourceTree = "<group>";
		};
		AF805B771E27E5F8002CC352 /* LaunchScreen.storyboard */ = {
			isa = PBXVariantGroup;
			children = (
				AF805B781E27E5F8002CC352 /* Base */,
			);
			name = LaunchScreen.storyboard;
			sourceTree = "<group>";
		};
/* End PBXVariantGroup section */

/* Begin XCBuildConfiguration section */
		AF805B7B1E27E5F8002CC352 /* Debug */ = {
			isa = XCBuildConfiguration;
			buildSettings = {
				ALWAYS_SEARCH_USER_PATHS = NO;
				CLANG_ANALYZER_NONNULL = YES;
				CLANG_CXX_LANGUAGE_STANDARD = "gnu++0x";
				CLANG_CXX_LIBRARY = "libc++";
				CLANG_ENABLE_MODULES = YES;
				CLANG_ENABLE_OBJC_ARC = YES;
				CLANG_WARN_BOOL_CONVERSION = YES;
				CLANG_WARN_CONSTANT_CONVERSION = YES;
				CLANG_WARN_DIRECT_OBJC_ISA_USAGE = YES_ERROR;
				CLANG_WARN_DOCUMENTATION_COMMENTS = YES;
				CLANG_WARN_EMPTY_BODY = YES;
				CLANG_WARN_ENUM_CONVERSION = YES;
				CLANG_WARN_INFINITE_RECURSION = YES;
				CLANG_WARN_INT_CONVERSION = YES;
				CLANG_WARN_OBJC_ROOT_CLASS = YES_ERROR;
				CLANG_WARN_SUSPICIOUS_MOVES = YES;
				CLANG_WARN_UNREACHABLE_CODE = YES;
				CLANG_WARN__DUPLICATE_METHOD_MATCH = YES;
				"CODE_SIGN_IDENTITY[sdk=iphoneos*]" = "iPhone Developer";
				COPY_PHASE_STRIP = NO;
				DEBUG_INFORMATION_FORMAT = dwarf;
				ENABLE_STRICT_OBJC_MSGSEND = YES;
				ENABLE_TESTABILITY = YES;
				GCC_C_LANGUAGE_STANDARD = gnu99;
				GCC_DYNAMIC_NO_PIC = NO;
				GCC_NO_COMMON_BLOCKS = YES;
				GCC_OPTIMIZATION_LEVEL = 0;
				GCC_PREPROCESSOR_DEFINITIONS = (
					"DEBUG=1",
					"$(inherited)",
				);
				GCC_WARN_64_TO_32_BIT_CONVERSION = YES;
				GCC_WARN_ABOUT_RETURN_TYPE = YES_ERROR;
				GCC_WARN_UNDECLARED_SELECTOR = YES;
				GCC_WARN_UNINITIALIZED_AUTOS = YES_AGGRESSIVE;
				GCC_WARN_UNUSED_FUNCTION = YES;
				GCC_WARN_UNUSED_VARIABLE = YES;
				IPHONEOS_DEPLOYMENT_TARGET = 10.0;
				MTL_ENABLE_DEBUG_INFO = YES;
				ONLY_ACTIVE_ARCH = YES;
				SDKROOT = iphoneos;
				SWIFT_ACTIVE_COMPILATION_CONDITIONS = DEBUG;
				SWIFT_OPTIMIZATION_LEVEL = "-Onone";
			};
			name = Debug;
		};
		AF805B7C1E27E5F8002CC352 /* Release */ = {
			isa = XCBuildConfiguration;
			buildSettings = {
				ALWAYS_SEARCH_USER_PATHS = NO;
				CLANG_ANALYZER_NONNULL = YES;
				CLANG_CXX_LANGUAGE_STANDARD = "gnu++0x";
				CLANG_CXX_LIBRARY = "libc++";
				CLANG_ENABLE_MODULES = YES;
				CLANG_ENABLE_OBJC_ARC = YES;
				CLANG_WARN_BOOL_CONVERSION = YES;
				CLANG_WARN_CONSTANT_CONVERSION = YES;
				CLANG_WARN_DIRECT_OBJC_ISA_USAGE = YES_ERROR;
				CLANG_WARN_DOCUMENTATION_COMMENTS = YES;
				CLANG_WARN_EMPTY_BODY = YES;
				CLANG_WARN_ENUM_CONVERSION = YES;
				CLANG_WARN_INFINITE_RECURSION = YES;
				CLANG_WARN_INT_CONVERSION = YES;
				CLANG_WARN_OBJC_ROOT_CLASS = YES_ERROR;
				CLANG_WARN_SUSPICIOUS_MOVES = YES;
				CLANG_WARN_UNREACHABLE_CODE = YES;
				CLANG_WARN__DUPLICATE_METHOD_MATCH = YES;
				"CODE_SIGN_IDENTITY[sdk=iphoneos*]" = "iPhone Developer";
				COPY_PHASE_STRIP = NO;
				DEBUG_INFORMATION_FORMAT = "dwarf-with-dsym";
				ENABLE_NS_ASSERTIONS = NO;
				ENABLE_STRICT_OBJC_MSGSEND = YES;
				GCC_C_LANGUAGE_STANDARD = gnu99;
				GCC_NO_COMMON_BLOCKS = YES;
				GCC_WARN_64_TO_32_BIT_CONVERSION = YES;
				GCC_WARN_ABOUT_RETURN_TYPE = YES_ERROR;
				GCC_WARN_UNDECLARED_SELECTOR = YES;
				GCC_WARN_UNINITIALIZED_AUTOS = YES_AGGRESSIVE;
				GCC_WARN_UNUSED_FUNCTION = YES;
				GCC_WARN_UNUSED_VARIABLE = YES;
				IPHONEOS_DEPLOYMENT_TARGET = 10.0;
				MTL_ENABLE_DEBUG_INFO = NO;
				SDKROOT = iphoneos;
				SWIFT_OPTIMIZATION_LEVEL = "-Owholemodule";
				VALIDATE_PRODUCT = YES;
			};
			name = Release;
		};
		AF805B7E1E27E5F8002CC352 /* Debug */ = {
			isa = XCBuildConfiguration;
			baseConfigurationReference = A161E209A0A28C25F266CE29 /* Pods-Flicks.debug.xcconfig */;
			buildSettings = {
				ASSETCATALOG_COMPILER_APPICON_NAME = AppIcon;
				INFOPLIST_FILE = Flicks/Info.plist;
				LD_RUNPATH_SEARCH_PATHS = "$(inherited) @executable_path/Frameworks";
				PRODUCT_BUNDLE_IDENTIFIER = jeffreyshao.Flicks;
				PRODUCT_NAME = "$(TARGET_NAME)";
				SWIFT_VERSION = 3.0;
			};
			name = Debug;
		};
		AF805B7F1E27E5F8002CC352 /* Release */ = {
			isa = XCBuildConfiguration;
			baseConfigurationReference = 4FFE2ADB722B94501BD8F093 /* Pods-Flicks.release.xcconfig */;
			buildSettings = {
				ASSETCATALOG_COMPILER_APPICON_NAME = AppIcon;
				INFOPLIST_FILE = Flicks/Info.plist;
				LD_RUNPATH_SEARCH_PATHS = "$(inherited) @executable_path/Frameworks";
				PRODUCT_BUNDLE_IDENTIFIER = jeffreyshao.Flicks;
				PRODUCT_NAME = "$(TARGET_NAME)";
				SWIFT_VERSION = 3.0;
			};
			name = Release;
		};
/* End XCBuildConfiguration section */

/* Begin XCConfigurationList section */
		AF805B661E27E5F7002CC352 /* Build configuration list for PBXProject "Flicks" */ = {
			isa = XCConfigurationList;
			buildConfigurations = (
				AF805B7B1E27E5F8002CC352 /* Debug */,
				AF805B7C1E27E5F8002CC352 /* Release */,
			);
			defaultConfigurationIsVisible = 0;
			defaultConfigurationName = Release;
		};
		AF805B7D1E27E5F8002CC352 /* Build configuration list for PBXNativeTarget "Flicks" */ = {
			isa = XCConfigurationList;
			buildConfigurations = (
				AF805B7E1E27E5F8002CC352 /* Debug */,
				AF805B7F1E27E5F8002CC352 /* Release */,
			);
			defaultConfigurationIsVisible = 0;
		};
/* End XCConfigurationList section */
	};
	rootObject = AF805B631E27E5F7002CC352 /* Project object */;
}
